
Microsoft Visual Studio Solution File, Format Version 12.00
# Visual Studio Version 17
VisualStudioVersion = 17.5.002.0
MinimumVisualStudioVersion = 10.0.40219.1
Project("{9A19103F-16F7-4668-BE54-9A1E7A4F7556}") = "finalprogram", "finalprogram\finalprogram.csproj", "{1FBBDB16-B60A-4525-AE6D-8FEA8B2AB0FC}"
EndProject
Global
	GlobalSection(SolutionConfigurationPlatforms) = preSolution
		Debug|Any CPU = Debug|Any CPU
		Release|Any CPU = Release|Any CPU
	EndGlobalSection
	GlobalSection(ProjectConfigurationPlatforms) = postSolution
		{1FBBDB16-B60A-4525-AE6D-8FEA8B2AB0FC}.Debug|Any CPU.ActiveCfg = Debug|Any CPU
		{1FBBDB16-B60A-4525-AE6D-8FEA8B2AB0FC}.Debug|Any CPU.Build.0 = Debug|Any CPU
		{1FBBDB16-B60A-4525-AE6D-8FEA8B2AB0FC}.Release|Any CPU.ActiveCfg = Release|Any CPU
		{1FBBDB16-B60A-4525-AE6D-8FEA8B2AB0FC}.Release|Any CPU.Build.0 = Release|Any CPU
	EndGlobalSection
	GlobalSection(SolutionProperties) = preSolution
		HideSolutionNode = FALSE
	EndGlobalSection
	GlobalSection(ExtensibilityGlobals) = postSolution
		SolutionGuid = {38C820D9-614B-4F1C-85C8-C31B81C029B7}
	EndGlobalSection
EndGlobal
